
Microsoft Visual Studio Solution File, Format Version 12.00
# Visual Studio Version 16
VisualStudioVersion = 16.0.29709.97
MinimumVisualStudioVersion = 10.0.40219.1
Project("{8BC9CEB8-8B4A-11D0-8D11-00A0C91BC942}") = "videocanny", "videocanny\videocanny.vcxproj", "{F5AD7527-2B88-4FEA-86B1-701A649EACAA}"
EndProject
Global
	GlobalSection(SolutionConfigurationPlatforms) = preSolution
		Debug|x64 = Debug|x64
		Debug|x86 = Debug|x86
		Release|x64 = Release|x64
		Release|x86 = Release|x86
	EndGlobalSection
	GlobalSection(ProjectConfigurationPlatforms) = postSolution
		{F5AD7527-2B88-4FEA-86B1-701A649EACAA}.Debug|x64.ActiveCfg = Debug|x64
		{F5AD7527-2B88-4FEA-86B1-701A649EACAA}.Debug|x64.Build.0 = Debug|x64
		{F5AD7527-2B88-4FEA-86B1-701A649EACAA}.Debug|x86.ActiveCfg = Debug|Win32
		{F5AD7527-2B88-4FEA-86B1-701A649EACAA}.Debug|x86.Build.0 = Debug|Win32
		{F5AD7527-2B88-4FEA-86B1-701A649EACAA}.Release|x64.ActiveCfg = Release|x64
		{F5AD7527-2B88-4FEA-86B1-701A649EACAA}.Release|x64.Build.0 = Release|x64
		{F5AD7527-2B88-4FEA-86B1-701A649EACAA}.Release|x86.ActiveCfg = Release|Win32
		{F5AD7527-2B88-4FEA-86B1-701A649EACAA}.Release|x86.Build.0 = Release|Win32
	EndGlobalSection
	GlobalSection(SolutionProperties) = preSolution
		HideSolutionNode = FALSE
	EndGlobalSection
	GlobalSection(ExtensibilityGlobals) = postSolution
		SolutionGuid = {0F41AF0E-EBE5-4A1C-95B4-ADD259E62DF5}
	EndGlobalSection
EndGlobal
