
Microsoft Visual Studio Solution File, Format Version 12.00
# Visual Studio Version 16
VisualStudioVersion = 16.0.29709.97
MinimumVisualStudioVersion = 10.0.40219.1
Project("{8BC9CEB8-8B4A-11D0-8D11-00A0C91BC942}") = "sizechange", "sizechange\sizechange.vcxproj", "{FD78A5FD-1DB8-4901-BADD-41B187170E63}"
EndProject
Global
	GlobalSection(SolutionConfigurationPlatforms) = preSolution
		Debug|x64 = Debug|x64
		Debug|x86 = Debug|x86
		Release|x64 = Release|x64
		Release|x86 = Release|x86
	EndGlobalSection
	GlobalSection(ProjectConfigurationPlatforms) = postSolution
		{FD78A5FD-1DB8-4901-BADD-41B187170E63}.Debug|x64.ActiveCfg = Debug|x64
		{FD78A5FD-1DB8-4901-BADD-41B187170E63}.Debug|x64.Build.0 = Debug|x64
		{FD78A5FD-1DB8-4901-BADD-41B187170E63}.Debug|x86.ActiveCfg = Debug|Win32
		{FD78A5FD-1DB8-4901-BADD-41B187170E63}.Debug|x86.Build.0 = Debug|Win32
		{FD78A5FD-1DB8-4901-BADD-41B187170E63}.Release|x64.ActiveCfg = Release|x64
		{FD78A5FD-1DB8-4901-BADD-41B187170E63}.Release|x64.Build.0 = Release|x64
		{FD78A5FD-1DB8-4901-BADD-41B187170E63}.Release|x86.ActiveCfg = Release|Win32
		{FD78A5FD-1DB8-4901-BADD-41B187170E63}.Release|x86.Build.0 = Release|Win32
	EndGlobalSection
	GlobalSection(SolutionProperties) = preSolution
		HideSolutionNode = FALSE
	EndGlobalSection
	GlobalSection(ExtensibilityGlobals) = postSolution
		SolutionGuid = {B83F1A24-700C-4258-A7D3-E33C7A26E5C9}
	EndGlobalSection
EndGlobal
